
Microsoft Visual Studio Solution File, Format Version 12.00
# Visual Studio Version 17
VisualStudioVersion = 17.5.002.0
MinimumVisualStudioVersion = 10.0.40219.1
Project("{9A19103F-16F7-4668-BE54-9A1E7A4F7556}") = "Mybot", "Mybot.csproj", "{BEC1FC52-6C42-4ACD-A4B7-6B3BCE818CCA}"
EndProject
Global
	GlobalSection(SolutionConfigurationPlatforms) = preSolution
		Debug|Any CPU = Debug|Any CPU
		Release|Any CPU = Release|Any CPU
	EndGlobalSection
	GlobalSection(ProjectConfigurationPlatforms) = postSolution
		{BEC1FC52-6C42-4ACD-A4B7-6B3BCE818CCA}.Debug|Any CPU.ActiveCfg = Debug|Any CPU
		{BEC1FC52-6C42-4ACD-A4B7-6B3BCE818CCA}.Debug|Any CPU.Build.0 = Debug|Any CPU
		{BEC1FC52-6C42-4ACD-A4B7-6B3BCE818CCA}.Release|Any CPU.ActiveCfg = Release|Any CPU
		{BEC1FC52-6C42-4ACD-A4B7-6B3BCE818CCA}.Release|Any CPU.Build.0 = Release|Any CPU
	EndGlobalSection
	GlobalSection(SolutionProperties) = preSolution
		HideSolutionNode = FALSE
	EndGlobalSection
	GlobalSection(ExtensibilityGlobals) = postSolution
		SolutionGuid = {DB15BA23-D3CB-464D-ADC0-10A1AAB1E41A}
	EndGlobalSection
EndGlobal
